
Microsoft Visual Studio Solution File, Format Version 12.00
# Visual Studio 15
VisualStudioVersion = 15.0.26124.0
MinimumVisualStudioVersion = 15.0.26124.0
Project("{FAE04EC0-301F-11D3-BF4B-00C04F79EFBC}") = "gameTOP", "gameTOP\gameTOP.csproj", "{DE2F5688-BA50-4CAC-A604-29EAF1657028}"
EndProject
Project("{FAE04EC0-301F-11D3-BF4B-00C04F79EFBC}") = "gameTOP.Lib", "gameTOP.Lib\gameTOP.Lib.csproj", "{FF80747A-EEC0-4430-8C71-E1D0799C7B51}"
EndProject
Project("{FAE04EC0-301F-11D3-BF4B-00C04F79EFBC}") = "gameTOP.Interface", "gameTOP.Interface\gameTOP.Interface.csproj", "{BFAD44D6-136E-4D66-92B5-95DC2D2CA86E}"
EndProject
Global
	GlobalSection(SolutionConfigurationPlatforms) = preSolution
		Debug|Any CPU = Debug|Any CPU
		Debug|x64 = Debug|x64
		Debug|x86 = Debug|x86
		Release|Any CPU = Release|Any CPU
		Release|x64 = Release|x64
		Release|x86 = Release|x86
	EndGlobalSection
	GlobalSection(SolutionProperties) = preSolution
		HideSolutionNode = FALSE
	EndGlobalSection
	GlobalSection(ProjectConfigurationPlatforms) = postSolution
		{DE2F5688-BA50-4CAC-A604-29EAF1657028}.Debug|Any CPU.ActiveCfg = Debug|Any CPU
		{DE2F5688-BA50-4CAC-A604-29EAF1657028}.Debug|Any CPU.Build.0 = Debug|Any CPU
		{DE2F5688-BA50-4CAC-A604-29EAF1657028}.Debug|x64.ActiveCfg = Debug|Any CPU
		{DE2F5688-BA50-4CAC-A604-29EAF1657028}.Debug|x64.Build.0 = Debug|Any CPU
		{DE2F5688-BA50-4CAC-A604-29EAF1657028}.Debug|x86.ActiveCfg = Debug|Any CPU
		{DE2F5688-BA50-4CAC-A604-29EAF1657028}.Debug|x86.Build.0 = Debug|Any CPU
		{DE2F5688-BA50-4CAC-A604-29EAF1657028}.Release|Any CPU.ActiveCfg = Release|Any CPU
		{DE2F5688-BA50-4CAC-A604-29EAF1657028}.Release|Any CPU.Build.0 = Release|Any CPU
		{DE2F5688-BA50-4CAC-A604-29EAF1657028}.Release|x64.ActiveCfg = Release|Any CPU
		{DE2F5688-BA50-4CAC-A604-29EAF1657028}.Release|x64.Build.0 = Release|Any CPU
		{DE2F5688-BA50-4CAC-A604-29EAF1657028}.Release|x86.ActiveCfg = Release|Any CPU
		{DE2F5688-BA50-4CAC-A604-29EAF1657028}.Release|x86.Build.0 = Release|Any CPU
		{FF80747A-EEC0-4430-8C71-E1D0799C7B51}.Debug|Any CPU.ActiveCfg = Debug|Any CPU
		{FF80747A-EEC0-4430-8C71-E1D0799C7B51}.Debug|Any CPU.Build.0 = Debug|Any CPU
		{FF80747A-EEC0-4430-8C71-E1D0799C7B51}.Debug|x64.ActiveCfg = Debug|Any CPU
		{FF80747A-EEC0-4430-8C71-E1D0799C7B51}.Debug|x64.Build.0 = Debug|Any CPU
		{FF80747A-EEC0-4430-8C71-E1D0799C7B51}.Debug|x86.ActiveCfg = Debug|Any CPU
		{FF80747A-EEC0-4430-8C71-E1D0799C7B51}.Debug|x86.Build.0 = Debug|Any CPU
		{FF80747A-EEC0-4430-8C71-E1D0799C7B51}.Release|Any CPU.ActiveCfg = Release|Any CPU
		{FF80747A-EEC0-4430-8C71-E1D0799C7B51}.Release|Any CPU.Build.0 = Release|Any CPU
		{FF80747A-EEC0-4430-8C71-E1D0799C7B51}.Release|x64.ActiveCfg = Release|Any CPU
		{FF80747A-EEC0-4430-8C71-E1D0799C7B51}.Release|x64.Build.0 = Release|Any CPU
		{FF80747A-EEC0-4430-8C71-E1D0799C7B51}.Release|x86.ActiveCfg = Release|Any CPU
		{FF80747A-EEC0-4430-8C71-E1D0799C7B51}.Release|x86.Build.0 = Release|Any CPU
		{BFAD44D6-136E-4D66-92B5-95DC2D2CA86E}.Debug|Any CPU.ActiveCfg = Debug|Any CPU
		{BFAD44D6-136E-4D66-92B5-95DC2D2CA86E}.Debug|Any CPU.Build.0 = Debug|Any CPU
		{BFAD44D6-136E-4D66-92B5-95DC2D2CA86E}.Debug|x64.ActiveCfg = Debug|Any CPU
		{BFAD44D6-136E-4D66-92B5-95DC2D2CA86E}.Debug|x64.Build.0 = Debug|Any CPU
		{BFAD44D6-136E-4D66-92B5-95DC2D2CA86E}.Debug|x86.ActiveCfg = Debug|Any CPU
		{BFAD44D6-136E-4D66-92B5-95DC2D2CA86E}.Debug|x86.Build.0 = Debug|Any CPU
		{BFAD44D6-136E-4D66-92B5-95DC2D2CA86E}.Release|Any CPU.ActiveCfg = Release|Any CPU
		{BFAD44D6-136E-4D66-92B5-95DC2D2CA86E}.Release|Any CPU.Build.0 = Release|Any CPU
		{BFAD44D6-136E-4D66-92B5-95DC2D2CA86E}.Release|x64.ActiveCfg = Release|Any CPU
		{BFAD44D6-136E-4D66-92B5-95DC2D2CA86E}.Release|x64.Build.0 = Release|Any CPU
		{BFAD44D6-136E-4D66-92B5-95DC2D2CA86E}.Release|x86.ActiveCfg = Release|Any CPU
		{BFAD44D6-136E-4D66-92B5-95DC2D2CA86E}.Release|x86.Build.0 = Release|Any CPU
	EndGlobalSection
EndGlobal
